
Microsoft Visual Studio Solution File, Format Version 12.00
# Visual Studio Version 17
VisualStudioVersion = 17.6.33829.357
MinimumVisualStudioVersion = 10.0.40219.1
Project("{FAE04EC0-301F-11D3-BF4B-00C04F79EFBC}") = "ConsoleApp1", "ConsoleApp1\ConsoleApp1.csproj", "{E1F84EE8-3733-46B8-918A-3015D0A350E8}"
EndProject
Global
	GlobalSection(SolutionConfigurationPlatforms) = preSolution
		Debug|Any CPU = Debug|Any CPU
		Release|Any CPU = Release|Any CPU
	EndGlobalSection
	GlobalSection(ProjectConfigurationPlatforms) = postSolution
		{E1F84EE8-3733-46B8-918A-3015D0A350E8}.Debug|Any CPU.ActiveCfg = Debug|Any CPU
		{E1F84EE8-3733-46B8-918A-3015D0A350E8}.Debug|Any CPU.Build.0 = Debug|Any CPU
		{E1F84EE8-3733-46B8-918A-3015D0A350E8}.Release|Any CPU.ActiveCfg = Release|Any CPU
		{E1F84EE8-3733-46B8-918A-3015D0A350E8}.Release|Any CPU.Build.0 = Release|Any CPU
	EndGlobalSection
	GlobalSection(SolutionProperties) = preSolution
		HideSolutionNode = FALSE
	EndGlobalSection
	GlobalSection(ExtensibilityGlobals) = postSolution
		SolutionGuid = {C824B6FC-08DB-4115-8BFA-8255140F6555}
	EndGlobalSection
EndGlobal
