
Microsoft Visual Studio Solution File, Format Version 12.00
# Visual Studio Version 17
VisualStudioVersion = 17.6.33829.357
MinimumVisualStudioVersion = 10.0.40219.1
Project("{FAE04EC0-301F-11D3-BF4B-00C04F79EFBC}") = "WindowsFormsApp1", "WindowsFormsApp1\WindowsFormsApp1.csproj", "{B4A84170-ABD6-4DB8-AE67-EF47D2AF84CD}"
EndProject
Global
	GlobalSection(SolutionConfigurationPlatforms) = preSolution
		Debug|Any CPU = Debug|Any CPU
		Release|Any CPU = Release|Any CPU
	EndGlobalSection
	GlobalSection(ProjectConfigurationPlatforms) = postSolution
		{B4A84170-ABD6-4DB8-AE67-EF47D2AF84CD}.Debug|Any CPU.ActiveCfg = Debug|Any CPU
		{B4A84170-ABD6-4DB8-AE67-EF47D2AF84CD}.Debug|Any CPU.Build.0 = Debug|Any CPU
		{B4A84170-ABD6-4DB8-AE67-EF47D2AF84CD}.Release|Any CPU.ActiveCfg = Release|Any CPU
		{B4A84170-ABD6-4DB8-AE67-EF47D2AF84CD}.Release|Any CPU.Build.0 = Release|Any CPU
	EndGlobalSection
	GlobalSection(SolutionProperties) = preSolution
		HideSolutionNode = FALSE
	EndGlobalSection
	GlobalSection(ExtensibilityGlobals) = postSolution
		SolutionGuid = {E3AAB942-430D-4593-AE49-297EDA9C89BB}
	EndGlobalSection
EndGlobal
